
Microsoft Visual Studio Solution File, Format Version 12.00
# Visual Studio Version 17
VisualStudioVersion = 17.5.002.0
MinimumVisualStudioVersion = 10.0.40219.1
Project("{2150E333-8FDC-42A3-9474-1A3956D46DE8}") = "csharp-prep", "csharp-prep", "{624F552D-2C66-42E6-B9E8-2290818D90E5}"
EndProject
Project("{9A19103F-16F7-4668-BE54-9A1E7A4F7556}") = "Prep1", "csharp-prep\Prep1\Prep1.csproj", "{0B77D247-C99F-4374-AEE6-751D2848B2E3}"
EndProject
Project("{9A19103F-16F7-4668-BE54-9A1E7A4F7556}") = "Prep2", "csharp-prep\Prep2\Prep2.csproj", "{B69C6A1D-F813-4333-BEC7-083198DE5EE9}"
EndProject
Project("{9A19103F-16F7-4668-BE54-9A1E7A4F7556}") = "Prep3", "csharp-prep\Prep3\Prep3.csproj", "{6274F418-EA1A-4CAC-9DBE-3B0766B77364}"
EndProject
Project("{9A19103F-16F7-4668-BE54-9A1E7A4F7556}") = "Prep4", "csharp-prep\Prep4\Prep4.csproj", "{42E0C1B4-D011-4880-8866-A7F9FEAC0B5C}"
EndProject
Project("{9A19103F-16F7-4668-BE54-9A1E7A4F7556}") = "Prep5", "csharp-prep\Prep5\Prep5.csproj", "{E5BE8163-F398-4EE5-9FDC-D7B14DC5024B}"
EndProject
Project("{2150E333-8FDC-42A3-9474-1A3956D46DE8}") = "final", "final", "{9D45F544-25CB-43BC-9BD0-77B5D8E14F3A}"
EndProject
Project("{9A19103F-16F7-4668-BE54-9A1E7A4F7556}") = "FinalProject", "final\FinalProject\FinalProject.csproj", "{FAA5C397-90CE-463E-9544-6B580E6031CC}"
EndProject
Project("{9A19103F-16F7-4668-BE54-9A1E7A4F7556}") = "Foundation1", "final\Foundation1\Foundation1.csproj", "{67547C7D-9B7F-4009-BD38-B14BEB3188DC}"
EndProject
Project("{9A19103F-16F7-4668-BE54-9A1E7A4F7556}") = "Foundation2", "final\Foundation2\Foundation2.csproj", "{634275D6-8977-4D3E-B6E4-D9A5E9A5A2D7}"
EndProject
Project("{9A19103F-16F7-4668-BE54-9A1E7A4F7556}") = "Foundation3", "final\Foundation3\Foundation3.csproj", "{14AAC6A7-0F7D-4638-B300-88D83A33FF2C}"
EndProject
Project("{9A19103F-16F7-4668-BE54-9A1E7A4F7556}") = "Foundation4", "final\Foundation4\Foundation4.csproj", "{19A7F04F-0F53-4B11-9BB6-E290E6F63562}"
EndProject
Project("{2150E333-8FDC-42A3-9474-1A3956D46DE8}") = "prepare", "prepare", "{21BA6E3F-7984-484C-8D9D-0B6CE2DDC489}"
EndProject
Project("{9A19103F-16F7-4668-BE54-9A1E7A4F7556}") = "Learning02", "prepare\Learning02\Learning02.csproj", "{374ADCF9-DDC8-451D-B5BC-5ACBED236BE2}"
EndProject
Project("{9A19103F-16F7-4668-BE54-9A1E7A4F7556}") = "Learning03", "prepare\Learning03\Learning03.csproj", "{244D713F-B748-4560-83B0-CB99130587C7}"
EndProject
Project("{9A19103F-16F7-4668-BE54-9A1E7A4F7556}") = "Learning04", "prepare\Learning04\Learning04.csproj", "{1F621291-1C93-4AE1-BD54-34EDB71C75DE}"
EndProject
Project("{9A19103F-16F7-4668-BE54-9A1E7A4F7556}") = "Learning05", "prepare\Learning05\Learning05.csproj", "{0447FE2B-70C3-416A-8AFE-520E4075C145}"
EndProject
Project("{2150E333-8FDC-42A3-9474-1A3956D46DE8}") = "prove", "prove", "{4B604ECC-DFAB-408E-9A9A-3D6F35BCF021}"
EndProject
Project("{9A19103F-16F7-4668-BE54-9A1E7A4F7556}") = "Develop02", "prove\Develop02\Develop02.csproj", "{CEA40D61-67C1-470F-8DFC-AF8C89F7FD2C}"
EndProject
Project("{9A19103F-16F7-4668-BE54-9A1E7A4F7556}") = "Develop03", "prove\Develop03\Develop03.csproj", "{82F19466-2B28-47FD-A02E-F728DF66EC4B}"
EndProject
Project("{9A19103F-16F7-4668-BE54-9A1E7A4F7556}") = "Develop04", "prove\Develop04\Develop04.csproj", "{D09F7677-447C-4836-A8B0-87204F105455}"
EndProject
Project("{9A19103F-16F7-4668-BE54-9A1E7A4F7556}") = "Develop05", "prove\Develop05\Develop05.csproj", "{3B976AA6-E256-41FA-A84E-34DCB909469C}"
EndProject
Project("{2150E333-8FDC-42A3-9474-1A3956D46DE8}") = "sandbox", "sandbox", "{C3D839DB-C29F-4C23-B587-5AA412EDC1FA}"
EndProject
Project("{9A19103F-16F7-4668-BE54-9A1E7A4F7556}") = "Sandbox", "sandbox\Sandbox\Sandbox.csproj", "{848358EC-3521-4B20-912E-D9532D916D76}"
EndProject
Global
	GlobalSection(SolutionConfigurationPlatforms) = preSolution
		Debug|Any CPU = Debug|Any CPU
		Release|Any CPU = Release|Any CPU
	EndGlobalSection
	GlobalSection(ProjectConfigurationPlatforms) = postSolution
		{0B77D247-C99F-4374-AEE6-751D2848B2E3}.Debug|Any CPU.ActiveCfg = Debug|Any CPU
		{0B77D247-C99F-4374-AEE6-751D2848B2E3}.Debug|Any CPU.Build.0 = Debug|Any CPU
		{0B77D247-C99F-4374-AEE6-751D2848B2E3}.Release|Any CPU.ActiveCfg = Release|Any CPU
		{0B77D247-C99F-4374-AEE6-751D2848B2E3}.Release|Any CPU.Build.0 = Release|Any CPU
		{B69C6A1D-F813-4333-BEC7-083198DE5EE9}.Debug|Any CPU.ActiveCfg = Debug|Any CPU
		{B69C6A1D-F813-4333-BEC7-083198DE5EE9}.Debug|Any CPU.Build.0 = Debug|Any CPU
		{B69C6A1D-F813-4333-BEC7-083198DE5EE9}.Release|Any CPU.ActiveCfg = Release|Any CPU
		{B69C6A1D-F813-4333-BEC7-083198DE5EE9}.Release|Any CPU.Build.0 = Release|Any CPU
		{6274F418-EA1A-4CAC-9DBE-3B0766B77364}.Debug|Any CPU.ActiveCfg = Debug|Any CPU
		{6274F418-EA1A-4CAC-9DBE-3B0766B77364}.Debug|Any CPU.Build.0 = Debug|Any CPU
		{6274F418-EA1A-4CAC-9DBE-3B0766B77364}.Release|Any CPU.ActiveCfg = Release|Any CPU
		{6274F418-EA1A-4CAC-9DBE-3B0766B77364}.Release|Any CPU.Build.0 = Release|Any CPU
		{42E0C1B4-D011-4880-8866-A7F9FEAC0B5C}.Debug|Any CPU.ActiveCfg = Debug|Any CPU
		{42E0C1B4-D011-4880-8866-A7F9FEAC0B5C}.Debug|Any CPU.Build.0 = Debug|Any CPU
		{42E0C1B4-D011-4880-8866-A7F9FEAC0B5C}.Release|Any CPU.ActiveCfg = Release|Any CPU
		{42E0C1B4-D011-4880-8866-A7F9FEAC0B5C}.Release|Any CPU.Build.0 = Release|Any CPU
		{E5BE8163-F398-4EE5-9FDC-D7B14DC5024B}.Debug|Any CPU.ActiveCfg = Debug|Any CPU
		{E5BE8163-F398-4EE5-9FDC-D7B14DC5024B}.Debug|Any CPU.Build.0 = Debug|Any CPU
		{E5BE8163-F398-4EE5-9FDC-D7B14DC5024B}.Release|Any CPU.ActiveCfg = Release|Any CPU
		{E5BE8163-F398-4EE5-9FDC-D7B14DC5024B}.Release|Any CPU.Build.0 = Release|Any CPU
		{FAA5C397-90CE-463E-9544-6B580E6031CC}.Debug|Any CPU.ActiveCfg = Debug|Any CPU
		{FAA5C397-90CE-463E-9544-6B580E6031CC}.Debug|Any CPU.Build.0 = Debug|Any CPU
		{FAA5C397-90CE-463E-9544-6B580E6031CC}.Release|Any CPU.ActiveCfg = Release|Any CPU
		{FAA5C397-90CE-463E-9544-6B580E6031CC}.Release|Any CPU.Build.0 = Release|Any CPU
		{67547C7D-9B7F-4009-BD38-B14BEB3188DC}.Debug|Any CPU.ActiveCfg = Debug|Any CPU
		{67547C7D-9B7F-4009-BD38-B14BEB3188DC}.Debug|Any CPU.Build.0 = Debug|Any CPU
		{67547C7D-9B7F-4009-BD38-B14BEB3188DC}.Release|Any CPU.ActiveCfg = Release|Any CPU
		{67547C7D-9B7F-4009-BD38-B14BEB3188DC}.Release|Any CPU.Build.0 = Release|Any CPU
		{634275D6-8977-4D3E-B6E4-D9A5E9A5A2D7}.Debug|Any CPU.ActiveCfg = Debug|Any CPU
		{634275D6-8977-4D3E-B6E4-D9A5E9A5A2D7}.Debug|Any CPU.Build.0 = Debug|Any CPU
		{634275D6-8977-4D3E-B6E4-D9A5E9A5A2D7}.Release|Any CPU.ActiveCfg = Release|Any CPU
		{634275D6-8977-4D3E-B6E4-D9A5E9A5A2D7}.Release|Any CPU.Build.0 = Release|Any CPU
		{14AAC6A7-0F7D-4638-B300-88D83A33FF2C}.Debug|Any CPU.ActiveCfg = Debug|Any CPU
		{14AAC6A7-0F7D-4638-B300-88D83A33FF2C}.Debug|Any CPU.Build.0 = Debug|Any CPU
		{14AAC6A7-0F7D-4638-B300-88D83A33FF2C}.Release|Any CPU.ActiveCfg = Release|Any CPU
		{14AAC6A7-0F7D-4638-B300-88D83A33FF2C}.Release|Any CPU.Build.0 = Release|Any CPU
		{19A7F04F-0F53-4B11-9BB6-E290E6F63562}.Debug|Any CPU.ActiveCfg = Debug|Any CPU
		{19A7F04F-0F53-4B11-9BB6-E290E6F63562}.Debug|Any CPU.Build.0 = Debug|Any CPU
		{19A7F04F-0F53-4B11-9BB6-E290E6F63562}.Release|Any CPU.ActiveCfg = Release|Any CPU
		{19A7F04F-0F53-4B11-9BB6-E290E6F63562}.Release|Any CPU.Build.0 = Release|Any CPU
		{374ADCF9-DDC8-451D-B5BC-5ACBED236BE2}.Debug|Any CPU.ActiveCfg = Debug|Any CPU
		{374ADCF9-DDC8-451D-B5BC-5ACBED236BE2}.Debug|Any CPU.Build.0 = Debug|Any CPU
		{374ADCF9-DDC8-451D-B5BC-5ACBED236BE2}.Release|Any CPU.ActiveCfg = Release|Any CPU
		{374ADCF9-DDC8-451D-B5BC-5ACBED236BE2}.Release|Any CPU.Build.0 = Release|Any CPU
		{244D713F-B748-4560-83B0-CB99130587C7}.Debug|Any CPU.ActiveCfg = Debug|Any CPU
		{244D713F-B748-4560-83B0-CB99130587C7}.Debug|Any CPU.Build.0 = Debug|Any CPU
		{244D713F-B748-4560-83B0-CB99130587C7}.Release|Any CPU.ActiveCfg = Release|Any CPU
		{244D713F-B748-4560-83B0-CB99130587C7}.Release|Any CPU.Build.0 = Release|Any CPU
		{1F621291-1C93-4AE1-BD54-34EDB71C75DE}.Debug|Any CPU.ActiveCfg = Debug|Any CPU
		{1F621291-1C93-4AE1-BD54-34EDB71C75DE}.Debug|Any CPU.Build.0 = Debug|Any CPU
		{1F621291-1C93-4AE1-BD54-34EDB71C75DE}.Release|Any CPU.ActiveCfg = Release|Any CPU
		{1F621291-1C93-4AE1-BD54-34EDB71C75DE}.Release|Any CPU.Build.0 = Release|Any CPU
		{0447FE2B-70C3-416A-8AFE-520E4075C145}.Debug|Any CPU.ActiveCfg = Debug|Any CPU
		{0447FE2B-70C3-416A-8AFE-520E4075C145}.Debug|Any CPU.Build.0 = Debug|Any CPU
		{0447FE2B-70C3-416A-8AFE-520E4075C145}.Release|Any CPU.ActiveCfg = Release|Any CPU
		{0447FE2B-70C3-416A-8AFE-520E4075C145}.Release|Any CPU.Build.0 = Release|Any CPU
		{CEA40D61-67C1-470F-8DFC-AF8C89F7FD2C}.Debug|Any CPU.ActiveCfg = Debug|Any CPU
		{CEA40D61-67C1-470F-8DFC-AF8C89F7FD2C}.Debug|Any CPU.Build.0 = Debug|Any CPU
		{CEA40D61-67C1-470F-8DFC-AF8C89F7FD2C}.Release|Any CPU.ActiveCfg = Release|Any CPU
		{CEA40D61-67C1-470F-8DFC-AF8C89F7FD2C}.Release|Any CPU.Build.0 = Release|Any CPU
		{82F19466-2B28-47FD-A02E-F728DF66EC4B}.Debug|Any CPU.ActiveCfg = Debug|Any CPU
		{82F19466-2B28-47FD-A02E-F728DF66EC4B}.Debug|Any CPU.Build.0 = Debug|Any CPU
		{82F19466-2B28-47FD-A02E-F728DF66EC4B}.Release|Any CPU.ActiveCfg = Release|Any CPU
		{82F19466-2B28-47FD-A02E-F728DF66EC4B}.Release|Any CPU.Build.0 = Release|Any CPU
		{D09F7677-447C-4836-A8B0-87204F105455}.Debug|Any CPU.ActiveCfg = Debug|Any CPU
		{D09F7677-447C-4836-A8B0-87204F105455}.Debug|Any CPU.Build.0 = Debug|Any CPU
		{D09F7677-447C-4836-A8B0-87204F105455}.Release|Any CPU.ActiveCfg = Release|Any CPU
		{D09F7677-447C-4836-A8B0-87204F105455}.Release|Any CPU.Build.0 = Release|Any CPU
		{3B976AA6-E256-41FA-A84E-34DCB909469C}.Debug|Any CPU.ActiveCfg = Debug|Any CPU
		{3B976AA6-E256-41FA-A84E-34DCB909469C}.Debug|Any CPU.Build.0 = Debug|Any CPU
		{3B976AA6-E256-41FA-A84E-34DCB909469C}.Release|Any CPU.ActiveCfg = Release|Any CPU
		{3B976AA6-E256-41FA-A84E-34DCB909469C}.Release|Any CPU.Build.0 = Release|Any CPU
		{848358EC-3521-4B20-912E-D9532D916D76}.Debug|Any CPU.ActiveCfg = Debug|Any CPU
		{848358EC-3521-4B20-912E-D9532D916D76}.Debug|Any CPU.Build.0 = Debug|Any CPU
		{848358EC-3521-4B20-912E-D9532D916D76}.Release|Any CPU.ActiveCfg = Release|Any CPU
		{848358EC-3521-4B20-912E-D9532D916D76}.Release|Any CPU.Build.0 = Release|Any CPU
	EndGlobalSection
	GlobalSection(SolutionProperties) = preSolution
		HideSolutionNode = FALSE
	EndGlobalSection
	GlobalSection(NestedProjects) = preSolution
		{0B77D247-C99F-4374-AEE6-751D2848B2E3} = {624F552D-2C66-42E6-B9E8-2290818D90E5}
		{B69C6A1D-F813-4333-BEC7-083198DE5EE9} = {624F552D-2C66-42E6-B9E8-2290818D90E5}
		{6274F418-EA1A-4CAC-9DBE-3B0766B77364} = {624F552D-2C66-42E6-B9E8-2290818D90E5}
		{42E0C1B4-D011-4880-8866-A7F9FEAC0B5C} = {624F552D-2C66-42E6-B9E8-2290818D90E5}
		{E5BE8163-F398-4EE5-9FDC-D7B14DC5024B} = {624F552D-2C66-42E6-B9E8-2290818D90E5}
		{FAA5C397-90CE-463E-9544-6B580E6031CC} = {9D45F544-25CB-43BC-9BD0-77B5D8E14F3A}
		{67547C7D-9B7F-4009-BD38-B14BEB3188DC} = {9D45F544-25CB-43BC-9BD0-77B5D8E14F3A}
		{634275D6-8977-4D3E-B6E4-D9A5E9A5A2D7} = {9D45F544-25CB-43BC-9BD0-77B5D8E14F3A}
		{14AAC6A7-0F7D-4638-B300-88D83A33FF2C} = {9D45F544-25CB-43BC-9BD0-77B5D8E14F3A}
		{19A7F04F-0F53-4B11-9BB6-E290E6F63562} = {9D45F544-25CB-43BC-9BD0-77B5D8E14F3A}
		{374ADCF9-DDC8-451D-B5BC-5ACBED236BE2} = {21BA6E3F-7984-484C-8D9D-0B6CE2DDC489}
		{244D713F-B748-4560-83B0-CB99130587C7} = {21BA6E3F-7984-484C-8D9D-0B6CE2DDC489}
		{1F621291-1C93-4AE1-BD54-34EDB71C75DE} = {21BA6E3F-7984-484C-8D9D-0B6CE2DDC489}
		{0447FE2B-70C3-416A-8AFE-520E4075C145} = {21BA6E3F-7984-484C-8D9D-0B6CE2DDC489}
		{CEA40D61-67C1-470F-8DFC-AF8C89F7FD2C} = {4B604ECC-DFAB-408E-9A9A-3D6F35BCF021}
		{82F19466-2B28-47FD-A02E-F728DF66EC4B} = {4B604ECC-DFAB-408E-9A9A-3D6F35BCF021}
		{D09F7677-447C-4836-A8B0-87204F105455} = {4B604ECC-DFAB-408E-9A9A-3D6F35BCF021}
		{3B976AA6-E256-41FA-A84E-34DCB909469C} = {4B604ECC-DFAB-408E-9A9A-3D6F35BCF021}
		{848358EC-3521-4B20-912E-D9532D916D76} = {C3D839DB-C29F-4C23-B587-5AA412EDC1FA}
	EndGlobalSection
	GlobalSection(ExtensibilityGlobals) = postSolution
		SolutionGuid = {E6C97A01-4C36-46A7-8248-0A5015FAA391}
	EndGlobalSection
EndGlobal
